
Microsoft Visual Studio Solution File, Format Version 12.00
# Visual Studio Version 16
VisualStudioVersion = 16.0.30320.27
MinimumVisualStudioVersion = 10.0.40219.1
Project("{FAE04EC0-301F-11D3-BF4B-00C04F79EFBC}") = "Hamerim", "Hamerim\Hamerim.csproj", "{591A6805-C751-4B62-9610-1DBDA60FDE2E}"
EndProject
Global
	GlobalSection(SolutionConfigurationPlatforms) = preSolution
		Debug|Any CPU = Debug|Any CPU
		Release|Any CPU = Release|Any CPU
	EndGlobalSection
	GlobalSection(ProjectConfigurationPlatforms) = postSolution
		{591A6805-C751-4B62-9610-1DBDA60FDE2E}.Debug|Any CPU.ActiveCfg = Debug|Any CPU
		{591A6805-C751-4B62-9610-1DBDA60FDE2E}.Debug|Any CPU.Build.0 = Debug|Any CPU
		{591A6805-C751-4B62-9610-1DBDA60FDE2E}.Release|Any CPU.ActiveCfg = Release|Any CPU
		{591A6805-C751-4B62-9610-1DBDA60FDE2E}.Release|Any CPU.Build.0 = Release|Any CPU
	EndGlobalSection
	GlobalSection(SolutionProperties) = preSolution
		HideSolutionNode = FALSE
	EndGlobalSection
	GlobalSection(ExtensibilityGlobals) = postSolution
		SolutionGuid = {F3B30F66-C02E-453D-9A68-7C32EA6C2808}
	EndGlobalSection
EndGlobal
